// !$*UTF8*$!
{
	archiveVersion = 1;
	classes = {
	};
	objectVersion = 50;
	objects = {

/* Begin PBXBuildFile section */
		1F1312A6FCE09C44BB12CD67 /* Pods_MyWallet.framework in Frameworks */ = {isa = PBXBuildFile; fileRef = 4561B95ADE567609A23F7AB2 /* Pods_MyWallet.framework */; };
		29ABCE6D21E697E1000BA439 /* DatabaseAdapter.swift in Sources */ = {isa = PBXBuildFile; fileRef = 29ABCE6C21E697E1000BA439 /* DatabaseAdapter.swift */; };
		29ABCE7221E69864000BA439 /* TransactionBusiness.swift in Sources */ = {isa = PBXBuildFile; fileRef = 29ABCE7121E69864000BA439 /* TransactionBusiness.swift */; };
		29ABCE7421E69892000BA439 /* CategoryAdapter.swift in Sources */ = {isa = PBXBuildFile; fileRef = 29ABCE7321E69892000BA439 /* CategoryAdapter.swift */; };
		29ABCE7621E6989F000BA439 /* TransactionAdapter.swift in Sources */ = {isa = PBXBuildFile; fileRef = 29ABCE7521E6989F000BA439 /* TransactionAdapter.swift */; };
		29FFB37721DDE677003A0376 /* AuthenticationAdapter.swift in Sources */ = {isa = PBXBuildFile; fileRef = 29FFB37621DDE677003A0376 /* AuthenticationAdapter.swift */; };
		29FFB37A21DDE766003A0376 /* Utilities.swift in Sources */ = {isa = PBXBuildFile; fileRef = 29FFB37921DDE766003A0376 /* Utilities.swift */; };
		6125D3BE20D63E7900D99293 /* LoginViewController.swift in Sources */ = {isa = PBXBuildFile; fileRef = 6125D3BB20D63E7600D99293 /* LoginViewController.swift */; };
		6125D3BF20D63E7900D99293 /* ResetPasswordViewController.swift in Sources */ = {isa = PBXBuildFile; fileRef = 6125D3BC20D63E7800D99293 /* ResetPasswordViewController.swift */; };
		6125D3C020D63E7900D99293 /* SignUpViewController.swift in Sources */ = {isa = PBXBuildFile; fileRef = 6125D3BD20D63E7900D99293 /* SignUpViewController.swift */; };
		6144D35B20DCE21A00EA90F7 /* InitialWalletViewController.swift in Sources */ = {isa = PBXBuildFile; fileRef = 6144D35A20DCE21A00EA90F7 /* InitialWalletViewController.swift */; };
		61660B8E20E7DF4600FA0B21 /* MainViewController.swift in Sources */ = {isa = PBXBuildFile; fileRef = 61660B8D20E7DF4600FA0B21 /* MainViewController.swift */; };
		61660B9020E7E01B00FA0B21 /* UIView+constraints.swift in Sources */ = {isa = PBXBuildFile; fileRef = 61660B8F20E7E01B00FA0B21 /* UIView+constraints.swift */; };
		617D37C620E620D700EC1244 /* GoogleService-Info.plist in Resources */ = {isa = PBXBuildFile; fileRef = 617D37C520E620D700EC1244 /* GoogleService-Info.plist */; };
		618C3BB620CBA564009E13CB /* AppDelegate.swift in Sources */ = {isa = PBXBuildFile; fileRef = 618C3BB520CBA564009E13CB /* AppDelegate.swift */; };
		618C3BBB20CBA564009E13CB /* Main.storyboard in Resources */ = {isa = PBXBuildFile; fileRef = 618C3BB920CBA564009E13CB /* Main.storyboard */; };
		618C3BBE20CBA564009E13CB /* MyWallet.xcdatamodeld in Sources */ = {isa = PBXBuildFile; fileRef = 618C3BBC20CBA564009E13CB /* MyWallet.xcdatamodeld */; };
		618C3BC020CBA566009E13CB /* Assets.xcassets in Resources */ = {isa = PBXBuildFile; fileRef = 618C3BBF20CBA566009E13CB /* Assets.xcassets */; };
		618C3BC320CBA566009E13CB /* LaunchScreen.storyboard in Resources */ = {isa = PBXBuildFile; fileRef = 618C3BC120CBA566009E13CB /* LaunchScreen.storyboard */; };
		61B3ACB920E4E34900D0BF48 /* User.swift in Sources */ = {isa = PBXBuildFile; fileRef = 61B3ACB820E4E34900D0BF48 /* User.swift */; };
		B5137DEB20D6AA4B007D5B5C /* AddTransactionViewController.swift in Sources */ = {isa = PBXBuildFile; fileRef = B5137DEA20D6AA4B007D5B5C /* AddTransactionViewController.swift */; };
		B5771F5520DC0E6D009A9605 /* CategoryViewController.swift in Sources */ = {isa = PBXBuildFile; fileRef = B5771F5420DC0E6D009A9605 /* CategoryViewController.swift */; };
		B59C3BE420CD184900BFCC04 /* TransactionTableViewCell.swift in Sources */ = {isa = PBXBuildFile; fileRef = B59C3BE320CD184900BFCC04 /* TransactionTableViewCell.swift */; };
		B59C3BE720CD1D4E00BFCC04 /* Transaction.swift in Sources */ = {isa = PBXBuildFile; fileRef = B59C3BE620CD1D4E00BFCC04 /* Transaction.swift */; };
		B59C3BE920CD246100BFCC04 /* TransactionTableViewController.swift in Sources */ = {isa = PBXBuildFile; fileRef = B59C3BE820CD246100BFCC04 /* TransactionTableViewController.swift */; };
		B5F9203920E76BE2009E07AC /* ChartViewController.swift in Sources */ = {isa = PBXBuildFile; fileRef = B5F9203820E76BE2009E07AC /* ChartViewController.swift */; };
		B5F9897720E53531003DA814 /* AllCategoryTableViewCell.swift in Sources */ = {isa = PBXBuildFile; fileRef = B5F9897620E53531003DA814 /* AllCategoryTableViewCell.swift */; };
		B5F9897920E539E5003DA814 /* Category.swift in Sources */ = {isa = PBXBuildFile; fileRef = B5F9897820E539E5003DA814 /* Category.swift */; };
		B5FBBCF120E920DB00E3D665 /* ChartValueFormatter.swift in Sources */ = {isa = PBXBuildFile; fileRef = B5FBBCF020E920DB00E3D665 /* ChartValueFormatter.swift */; };
/* End PBXBuildFile section */

/* Begin PBXFileReference section */
		29ABCE6C21E697E1000BA439 /* DatabaseAdapter.swift */ = {isa = PBXFileReference; lastKnownFileType = sourcecode.swift; path = DatabaseAdapter.swift; sourceTree = "<group>"; };
		29ABCE7121E69864000BA439 /* TransactionBusiness.swift */ = {isa = PBXFileReference; lastKnownFileType = sourcecode.swift; path = TransactionBusiness.swift; sourceTree = "<group>"; };
		29ABCE7321E69892000BA439 /* CategoryAdapter.swift */ = {isa = PBXFileReference; lastKnownFileType = sourcecode.swift; path = CategoryAdapter.swift; sourceTree = "<group>"; };
		29ABCE7521E6989F000BA439 /* TransactionAdapter.swift */ = {isa = PBXFileReference; lastKnownFileType = sourcecode.swift; path = TransactionAdapter.swift; sourceTree = "<group>"; };
		29FFB37621DDE677003A0376 /* AuthenticationAdapter.swift */ = {isa = PBXFileReference; lastKnownFileType = sourcecode.swift; path = AuthenticationAdapter.swift; sourceTree = "<group>"; };
		29FFB37921DDE766003A0376 /* Utilities.swift */ = {isa = PBXFileReference; lastKnownFileType = sourcecode.swift; path = Utilities.swift; sourceTree = "<group>"; };
		31A679F9E6EA8D3BC7EF3700 /* Pods-MyWallet.release.xcconfig */ = {isa = PBXFileReference; includeInIndex = 1; lastKnownFileType = text.xcconfig; name = "Pods-MyWallet.release.xcconfig"; path = "Pods/Target Support Files/Pods-MyWallet/Pods-MyWallet.release.xcconfig"; sourceTree = "<group>"; };
		4561B95ADE567609A23F7AB2 /* Pods_MyWallet.framework */ = {isa = PBXFileReference; explicitFileType = wrapper.framework; includeInIndex = 0; path = Pods_MyWallet.framework; sourceTree = BUILT_PRODUCTS_DIR; };
		585AED389AA8A194B3B5C5D6 /* Pods-MyWallet.debug.xcconfig */ = {isa = PBXFileReference; includeInIndex = 1; lastKnownFileType = text.xcconfig; name = "Pods-MyWallet.debug.xcconfig"; path = "Pods/Target Support Files/Pods-MyWallet/Pods-MyWallet.debug.xcconfig"; sourceTree = "<group>"; };
		6125D3BB20D63E7600D99293 /* LoginViewController.swift */ = {isa = PBXFileReference; fileEncoding = 4; lastKnownFileType = sourcecode.swift; path = LoginViewController.swift; sourceTree = "<group>"; };
		6125D3BC20D63E7800D99293 /* ResetPasswordViewController.swift */ = {isa = PBXFileReference; fileEncoding = 4; lastKnownFileType = sourcecode.swift; path = ResetPasswordViewController.swift; sourceTree = "<group>"; };
		6125D3BD20D63E7900D99293 /* SignUpViewController.swift */ = {isa = PBXFileReference; fileEncoding = 4; lastKnownFileType = sourcecode.swift; path = SignUpViewController.swift; sourceTree = "<group>"; };
		6144D35A20DCE21A00EA90F7 /* InitialWalletViewController.swift */ = {isa = PBXFileReference; lastKnownFileType = sourcecode.swift; path = InitialWalletViewController.swift; sourceTree = "<group>"; };
		61660B8D20E7DF4600FA0B21 /* MainViewController.swift */ = {isa = PBXFileReference; lastKnownFileType = sourcecode.swift; path = MainViewController.swift; sourceTree = "<group>"; };
		61660B8F20E7E01B00FA0B21 /* UIView+constraints.swift */ = {isa = PBXFileReference; fileEncoding = 4; lastKnownFileType = sourcecode.swift; path = "UIView+constraints.swift"; sourceTree = "<group>"; };
		617D37C520E620D700EC1244 /* GoogleService-Info.plist */ = {isa = PBXFileReference; fileEncoding = 4; lastKnownFileType = text.plist.xml; path = "GoogleService-Info.plist"; sourceTree = "<group>"; };
		618C3BB220CBA564009E13CB /* MyWallet.app */ = {isa = PBXFileReference; explicitFileType = wrapper.application; includeInIndex = 0; path = MyWallet.app; sourceTree = BUILT_PRODUCTS_DIR; };
		618C3BB520CBA564009E13CB /* AppDelegate.swift */ = {isa = PBXFileReference; lastKnownFileType = sourcecode.swift; path = AppDelegate.swift; sourceTree = "<group>"; };
		618C3BBA20CBA564009E13CB /* Base */ = {isa = PBXFileReference; lastKnownFileType = file.storyboard; name = Base; path = Base.lproj/Main.storyboard; sourceTree = "<group>"; };
		618C3BBD20CBA564009E13CB /* MyWallet.xcdatamodel */ = {isa = PBXFileReference; lastKnownFileType = wrapper.xcdatamodel; path = MyWallet.xcdatamodel; sourceTree = "<group>"; };
		618C3BBF20CBA566009E13CB /* Assets.xcassets */ = {isa = PBXFileReference; lastKnownFileType = folder.assetcatalog; path = Assets.xcassets; sourceTree = "<group>"; };
		618C3BC220CBA566009E13CB /* Base */ = {isa = PBXFileReference; lastKnownFileType = file.storyboard; name = Base; path = Base.lproj/LaunchScreen.storyboard; sourceTree = "<group>"; };
		618C3BC420CBA566009E13CB /* Info.plist */ = {isa = PBXFileReference; lastKnownFileType = text.plist.xml; path = Info.plist; sourceTree = "<group>"; };
		61B3ACB820E4E34900D0BF48 /* User.swift */ = {isa = PBXFileReference; lastKnownFileType = sourcecode.swift; path = User.swift; sourceTree = "<group>"; };
		B5137DEA20D6AA4B007D5B5C /* AddTransactionViewController.swift */ = {isa = PBXFileReference; lastKnownFileType = sourcecode.swift; path = AddTransactionViewController.swift; sourceTree = "<group>"; };
		B5771F5420DC0E6D009A9605 /* CategoryViewController.swift */ = {isa = PBXFileReference; lastKnownFileType = sourcecode.swift; path = CategoryViewController.swift; sourceTree = "<group>"; };
		B59C3BE320CD184900BFCC04 /* TransactionTableViewCell.swift */ = {isa = PBXFileReference; lastKnownFileType = sourcecode.swift; path = TransactionTableViewCell.swift; sourceTree = "<group>"; };
		B59C3BE620CD1D4E00BFCC04 /* Transaction.swift */ = {isa = PBXFileReference; lastKnownFileType = sourcecode.swift; path = Transaction.swift; sourceTree = "<group>"; };
		B59C3BE820CD246100BFCC04 /* TransactionTableViewController.swift */ = {isa = PBXFileReference; lastKnownFileType = sourcecode.swift; path = TransactionTableViewController.swift; sourceTree = "<group>"; };
		B5F9203820E76BE2009E07AC /* ChartViewController.swift */ = {isa = PBXFileReference; lastKnownFileType = sourcecode.swift; path = ChartViewController.swift; sourceTree = "<group>"; };
		B5F9897620E53531003DA814 /* AllCategoryTableViewCell.swift */ = {isa = PBXFileReference; lastKnownFileType = sourcecode.swift; path = AllCategoryTableViewCell.swift; sourceTree = "<group>"; };
		B5F9897820E539E5003DA814 /* Category.swift */ = {isa = PBXFileReference; lastKnownFileType = sourcecode.swift; path = Category.swift; sourceTree = "<group>"; };
		B5FBBCF020E920DB00E3D665 /* ChartValueFormatter.swift */ = {isa = PBXFileReference; lastKnownFileType = sourcecode.swift; path = ChartValueFormatter.swift; sourceTree = "<group>"; };
/* End PBXFileReference section */

/* Begin PBXFrameworksBuildPhase section */
		618C3BAF20CBA564009E13CB /* Frameworks */ = {
			isa = PBXFrameworksBuildPhase;
			buildActionMask = 2147483647;
			files = (
				1F1312A6FCE09C44BB12CD67 /* Pods_MyWallet.framework in Frameworks */,
			);
			runOnlyForDeploymentPostprocessing = 0;
		};
/* End PBXFrameworksBuildPhase section */

/* Begin PBXGroup section */
		2901E07221E6489500E0DBB1 /* FirebaseAdapter */ = {
			isa = PBXGroup;
			children = (
				29FFB37621DDE677003A0376 /* AuthenticationAdapter.swift */,
				29ABCE6C21E697E1000BA439 /* DatabaseAdapter.swift */,
			);
			path = FirebaseAdapter;
			sourceTree = "<group>";
		};
		2901E07521E6507100E0DBB1 /* WalletAdapter */ = {
			isa = PBXGroup;
			children = (
				29ABCE7321E69892000BA439 /* CategoryAdapter.swift */,
				29ABCE7521E6989F000BA439 /* TransactionAdapter.swift */,
			);
			path = WalletAdapter;
			sourceTree = "<group>";
		};
		294BDF8521DDB6FE001A1097 /* DataLayer */ = {
			isa = PBXGroup;
			children = (
				29ABCE6E21E69802000BA439 /* Entities */,
				2901E07521E6507100E0DBB1 /* WalletAdapter */,
				2901E07221E6489500E0DBB1 /* FirebaseAdapter */,
			);
			path = DataLayer;
			sourceTree = "<group>";
		};
		294BDF8621DDB70D001A1097 /* BusinessLayer */ = {
			isa = PBXGroup;
			children = (
				29ABCE6F21E6983B000BA439 /* Entities */,
				29ABCE7021E6984F000BA439 /* WalletBusiness */,
			);
			path = BusinessLayer;
			sourceTree = "<group>";
		};
		294BDF8821DDB744001A1097 /* PresentationLayer */ = {
			isa = PBXGroup;
			children = (
				29ABCE7721E69DC8000BA439 /* ViewCell */,
				295AB2B621E6E24600C0D56C /* Controllers */,
			);
			path = PresentationLayer;
			sourceTree = "<group>";
		};
		295AB2B621E6E24600C0D56C /* Controllers */ = {
			isa = PBXGroup;
			children = (
				29ABCE6A21E6976F000BA439 /* Authentication */,
				29ABCE6B21E69777000BA439 /* Wallet */,
				295AB2B721E6EF2F00C0D56C /* Chart */,
				295AB2B821E6EF4200C0D56C /* MainVewController */,
				295AB2B921E6FE7F00C0D56C /* Stylesheet */,
			);
			path = Controllers;
			sourceTree = "<group>";
		};
		295AB2B721E6EF2F00C0D56C /* Chart */ = {
			isa = PBXGroup;
			children = (
				B5F9203820E76BE2009E07AC /* ChartViewController.swift */,
			);
			path = Chart;
			sourceTree = "<group>";
		};
		295AB2B821E6EF4200C0D56C /* MainVewController */ = {
			isa = PBXGroup;
			children = (
				61660B8D20E7DF4600FA0B21 /* MainViewController.swift */,
			);
			path = MainVewController;
			sourceTree = "<group>";
		};
		295AB2B921E6FE7F00C0D56C /* Stylesheet */ = {
			isa = PBXGroup;
			children = (
				61660B8F20E7E01B00FA0B21 /* UIView+constraints.swift */,
			);
			path = Stylesheet;
			sourceTree = "<group>";
		};
		29ABCE6A21E6976F000BA439 /* Authentication */ = {
			isa = PBXGroup;
			children = (
				6125D3BB20D63E7600D99293 /* LoginViewController.swift */,
				6125D3BD20D63E7900D99293 /* SignUpViewController.swift */,
				6125D3BC20D63E7800D99293 /* ResetPasswordViewController.swift */,
			);
			path = Authentication;
			sourceTree = "<group>";
		};
		29ABCE6B21E69777000BA439 /* Wallet */ = {
			isa = PBXGroup;
			children = (
				6144D35A20DCE21A00EA90F7 /* InitialWalletViewController.swift */,
				B5771F5420DC0E6D009A9605 /* CategoryViewController.swift */,
				B5137DEA20D6AA4B007D5B5C /* AddTransactionViewController.swift */,
				B59C3BE820CD246100BFCC04 /* TransactionTableViewController.swift */,
			);
			path = Wallet;
			sourceTree = "<group>";
		};
		29ABCE6E21E69802000BA439 /* Entities */ = {
			isa = PBXGroup;
			children = (
				61B3ACB820E4E34900D0BF48 /* User.swift */,
				B5F9897820E539E5003DA814 /* Category.swift */,
			);
			path = Entities;
			sourceTree = "<group>";
		};
		29ABCE6F21E6983B000BA439 /* Entities */ = {
			isa = PBXGroup;
			children = (
				B59C3BE620CD1D4E00BFCC04 /* Transaction.swift */,
			);
			path = Entities;
			sourceTree = "<group>";
		};
		29ABCE7021E6984F000BA439 /* WalletBusiness */ = {
			isa = PBXGroup;
			children = (
				29ABCE7121E69864000BA439 /* TransactionBusiness.swift */,
			);
			path = WalletBusiness;
			sourceTree = "<group>";
		};
		29ABCE7721E69DC8000BA439 /* ViewCell */ = {
			isa = PBXGroup;
			children = (
				B5F9897620E53531003DA814 /* AllCategoryTableViewCell.swift */,
				B59C3BE320CD184900BFCC04 /* TransactionTableViewCell.swift */,
			);
			path = ViewCell;
			sourceTree = "<group>";
		};
		29FFB37821DDE755003A0376 /* Utilities */ = {
			isa = PBXGroup;
			children = (
				29FFB37921DDE766003A0376 /* Utilities.swift */,
				B5FBBCF020E920DB00E3D665 /* ChartValueFormatter.swift */,
			);
			path = Utilities;
			sourceTree = "<group>";
		};
		3890B9E2C5A1A20EEC60F6CA /* Pods */ = {
			isa = PBXGroup;
			children = (
				585AED389AA8A194B3B5C5D6 /* Pods-MyWallet.debug.xcconfig */,
				31A679F9E6EA8D3BC7EF3700 /* Pods-MyWallet.release.xcconfig */,
			);
			name = Pods;
			sourceTree = "<group>";
		};
		618C3BA920CBA564009E13CB = {
			isa = PBXGroup;
			children = (
				618C3BB420CBA564009E13CB /* MyWallet */,
				618C3BB320CBA564009E13CB /* Products */,
				3890B9E2C5A1A20EEC60F6CA /* Pods */,
				62E4426C17B436CDFA3671FC /* Frameworks */,
			);
			sourceTree = "<group>";
		};
		618C3BB320CBA564009E13CB /* Products */ = {
			isa = PBXGroup;
			children = (
				618C3BB220CBA564009E13CB /* MyWallet.app */,
			);
			name = Products;
			sourceTree = "<group>";
		};
		618C3BB420CBA564009E13CB /* MyWallet */ = {
			isa = PBXGroup;
			children = (
				294BDF8821DDB744001A1097 /* PresentationLayer */,
				294BDF8621DDB70D001A1097 /* BusinessLayer */,
				294BDF8521DDB6FE001A1097 /* DataLayer */,
				29FFB37821DDE755003A0376 /* Utilities */,
				618C3BBF20CBA566009E13CB /* Assets.xcassets */,
				618C3BB520CBA564009E13CB /* AppDelegate.swift */,
				618C3BB920CBA564009E13CB /* Main.storyboard */,
				618C3BC120CBA566009E13CB /* LaunchScreen.storyboard */,
				618C3BC420CBA566009E13CB /* Info.plist */,
				617D37C520E620D700EC1244 /* GoogleService-Info.plist */,
				618C3BBC20CBA564009E13CB /* MyWallet.xcdatamodeld */,
			);
			path = MyWallet;
			sourceTree = "<group>";
		};
		62E4426C17B436CDFA3671FC /* Frameworks */ = {
			isa = PBXGroup;
			children = (
				4561B95ADE567609A23F7AB2 /* Pods_MyWallet.framework */,
			);
			name = Frameworks;
			sourceTree = "<group>";
		};
/* End PBXGroup section */

/* Begin PBXNativeTarget section */
		618C3BB120CBA564009E13CB /* MyWallet */ = {
			isa = PBXNativeTarget;
			buildConfigurationList = 618C3BC720CBA566009E13CB /* Build configuration list for PBXNativeTarget "MyWallet" */;
			buildPhases = (
				A3550D489C3B413305412BF2 /* [CP] Check Pods Manifest.lock */,
				618C3BAE20CBA564009E13CB /* Sources */,
				618C3BAF20CBA564009E13CB /* Frameworks */,
				618C3BB020CBA564009E13CB /* Resources */,
				680D033731210B5276108EB5 /* [CP] Embed Pods Frameworks */,
			);
			buildRules = (
			);
			dependencies = (
			);
			name = MyWallet;
			productName = MyWallet;
			productReference = 618C3BB220CBA564009E13CB /* MyWallet.app */;
			productType = "com.apple.product-type.application";
		};
/* End PBXNativeTarget section */

/* Begin PBXProject section */
		618C3BAA20CBA564009E13CB /* Project object */ = {
			isa = PBXProject;
			attributes = {
				LastSwiftUpdateCheck = 0940;
				LastUpgradeCheck = 0940;
				ORGANIZATIONNAME = "Tran Duy Tien";
				TargetAttributes = {
					618C3BB120CBA564009E13CB = {
						CreatedOnToolsVersion = 9.4;
						SystemCapabilities = {
							com.apple.Keychain = {
								enabled = 1;
							};
						};
					};
				};
			};
			buildConfigurationList = 618C3BAD20CBA564009E13CB /* Build configuration list for PBXProject "MyWallet" */;
			compatibilityVersion = "Xcode 9.3";
			developmentRegion = en;
			hasScannedForEncodings = 0;
			knownRegions = (
				en,
				Base,
			);
			mainGroup = 618C3BA920CBA564009E13CB;
			productRefGroup = 618C3BB320CBA564009E13CB /* Products */;
			projectDirPath = "";
			projectRoot = "";
			targets = (
				618C3BB120CBA564009E13CB /* MyWallet */,
			);
		};
/* End PBXProject section */

/* Begin PBXResourcesBuildPhase section */
		618C3BB020CBA564009E13CB /* Resources */ = {
			isa = PBXResourcesBuildPhase;
			buildActionMask = 2147483647;
			files = (
				618C3BC320CBA566009E13CB /* LaunchScreen.storyboard in Resources */,
				617D37C620E620D700EC1244 /* GoogleService-Info.plist in Resources */,
				618C3BC020CBA566009E13CB /* Assets.xcassets in Resources */,
				618C3BBB20CBA564009E13CB /* Main.storyboard in Resources */,
			);
			runOnlyForDeploymentPostprocessing = 0;
		};
/* End PBXResourcesBuildPhase section */

/* Begin PBXShellScriptBuildPhase section */
		680D033731210B5276108EB5 /* [CP] Embed Pods Frameworks */ = {
			isa = PBXShellScriptBuildPhase;
			buildActionMask = 2147483647;
			files = (
			);
			inputPaths = (
				"${SRCROOT}/Pods/Target Support Files/Pods-MyWallet/Pods-MyWallet-frameworks.sh",
				"${BUILT_PRODUCTS_DIR}/Bolts/Bolts.framework",
				"${BUILT_PRODUCTS_DIR}/Charts/Charts.framework",
				"${BUILT_PRODUCTS_DIR}/DropDown/DropDown.framework",
				"${BUILT_PRODUCTS_DIR}/FBSDKCoreKit/FBSDKCoreKit.framework",
				"${BUILT_PRODUCTS_DIR}/FBSDKLoginKit/FBSDKLoginKit.framework",
				"${BUILT_PRODUCTS_DIR}/GTMSessionFetcher/GTMSessionFetcher.framework",
				"${BUILT_PRODUCTS_DIR}/GoogleUtilities/GoogleUtilities.framework",
				"${BUILT_PRODUCTS_DIR}/Parchment/Parchment.framework",
				"${BUILT_PRODUCTS_DIR}/leveldb-library/leveldb.framework",
				"${BUILT_PRODUCTS_DIR}/nanopb/nanopb.framework",
			);
			name = "[CP] Embed Pods Frameworks";
			outputPaths = (
				"${TARGET_BUILD_DIR}/${FRAMEWORKS_FOLDER_PATH}/Bolts.framework",
				"${TARGET_BUILD_DIR}/${FRAMEWORKS_FOLDER_PATH}/Charts.framework",
				"${TARGET_BUILD_DIR}/${FRAMEWORKS_FOLDER_PATH}/DropDown.framework",
				"${TARGET_BUILD_DIR}/${FRAMEWORKS_FOLDER_PATH}/FBSDKCoreKit.framework",
				"${TARGET_BUILD_DIR}/${FRAMEWORKS_FOLDER_PATH}/FBSDKLoginKit.framework",
				"${TARGET_BUILD_DIR}/${FRAMEWORKS_FOLDER_PATH}/GTMSessionFetcher.framework",
				"${TARGET_BUILD_DIR}/${FRAMEWORKS_FOLDER_PATH}/GoogleUtilities.framework",
				"${TARGET_BUILD_DIR}/${FRAMEWORKS_FOLDER_PATH}/Parchment.framework",
				"${TARGET_BUILD_DIR}/${FRAMEWORKS_FOLDER_PATH}/leveldb.framework",
				"${TARGET_BUILD_DIR}/${FRAMEWORKS_FOLDER_PATH}/nanopb.framework",
			);
			runOnlyForDeploymentPostprocessing = 0;
			shellPath = /bin/sh;
			shellScript = "\"${SRCROOT}/Pods/Target Support Files/Pods-MyWallet/Pods-MyWallet-frameworks.sh\"\n";
			showEnvVarsInLog = 0;
		};
		A3550D489C3B413305412BF2 /* [CP] Check Pods Manifest.lock */ = {
			isa = PBXShellScriptBuildPhase;
			buildActionMask = 2147483647;
			files = (
			);
			inputPaths = (
				"${PODS_PODFILE_DIR_PATH}/Podfile.lock",
				"${PODS_ROOT}/Manifest.lock",
			);
			name = "[CP] Check Pods Manifest.lock";
			outputPaths = (
				"$(DERIVED_FILE_DIR)/Pods-MyWallet-checkManifestLockResult.txt",
			);
			runOnlyForDeploymentPostprocessing = 0;
			shellPath = /bin/sh;
			shellScript = "diff \"${PODS_PODFILE_DIR_PATH}/Podfile.lock\" \"${PODS_ROOT}/Manifest.lock\" > /dev/null\nif [ $? != 0 ] ; then\n    # print error to STDERR\n    echo \"error: The sandbox is not in sync with the Podfile.lock. Run 'pod install' or update your CocoaPods installation.\" >&2\n    exit 1\nfi\n# This output is used by Xcode 'outputs' to avoid re-running this script phase.\necho \"SUCCESS\" > \"${SCRIPT_OUTPUT_FILE_0}\"\n";
			showEnvVarsInLog = 0;
		};
/* End PBXShellScriptBuildPhase section */

/* Begin PBXSourcesBuildPhase section */
		618C3BAE20CBA564009E13CB /* Sources */ = {
			isa = PBXSourcesBuildPhase;
			buildActionMask = 2147483647;
			files = (
				6125D3BE20D63E7900D99293 /* LoginViewController.swift in Sources */,
				B5F9897920E539E5003DA814 /* Category.swift in Sources */,
				B59C3BE420CD184900BFCC04 /* TransactionTableViewCell.swift in Sources */,
				29ABCE7221E69864000BA439 /* TransactionBusiness.swift in Sources */,
				29FFB37721DDE677003A0376 /* AuthenticationAdapter.swift in Sources */,
				618C3BBE20CBA564009E13CB /* MyWallet.xcdatamodeld in Sources */,
				6125D3BF20D63E7900D99293 /* ResetPasswordViewController.swift in Sources */,
				29ABCE7421E69892000BA439 /* CategoryAdapter.swift in Sources */,
				B5F9203920E76BE2009E07AC /* ChartViewController.swift in Sources */,
				61B3ACB920E4E34900D0BF48 /* User.swift in Sources */,
				B5FBBCF120E920DB00E3D665 /* ChartValueFormatter.swift in Sources */,
				29FFB37A21DDE766003A0376 /* Utilities.swift in Sources */,
				61660B9020E7E01B00FA0B21 /* UIView+constraints.swift in Sources */,
				61660B8E20E7DF4600FA0B21 /* MainViewController.swift in Sources */,
				618C3BB620CBA564009E13CB /* AppDelegate.swift in Sources */,
				6125D3C020D63E7900D99293 /* SignUpViewController.swift in Sources */,
				6144D35B20DCE21A00EA90F7 /* InitialWalletViewController.swift in Sources */,
				B5771F5520DC0E6D009A9605 /* CategoryViewController.swift in Sources */,
				B5137DEB20D6AA4B007D5B5C /* AddTransactionViewController.swift in Sources */,
				29ABCE6D21E697E1000BA439 /* DatabaseAdapter.swift in Sources */,
				B59C3BE920CD246100BFCC04 /* TransactionTableViewController.swift in Sources */,
				B59C3BE720CD1D4E00BFCC04 /* Transaction.swift in Sources */,
				29ABCE7621E6989F000BA439 /* TransactionAdapter.swift in Sources */,
				B5F9897720E53531003DA814 /* AllCategoryTableViewCell.swift in Sources */,
			);
			runOnlyForDeploymentPostprocessing = 0;
		};
/* End PBXSourcesBuildPhase section */

/* Begin PBXVariantGroup section */
		618C3BB920CBA564009E13CB /* Main.storyboard */ = {
			isa = PBXVariantGroup;
			children = (
				618C3BBA20CBA564009E13CB /* Base */,
			);
			name = Main.storyboard;
			sourceTree = "<group>";
		};
		618C3BC120CBA566009E13CB /* LaunchScreen.storyboard */ = {
			isa = PBXVariantGroup;
			children = (
				618C3BC220CBA566009E13CB /* Base */,
			);
			name = LaunchScreen.storyboard;
			sourceTree = "<group>";
		};
/* End PBXVariantGroup section */

/* Begin XCBuildConfiguration section */
		618C3BC520CBA566009E13CB /* Debug */ = {
			isa = XCBuildConfiguration;
			buildSettings = {
				ALWAYS_SEARCH_USER_PATHS = NO;
				CLANG_ANALYZER_NONNULL = YES;
				CLANG_ANALYZER_NUMBER_OBJECT_CONVERSION = YES_AGGRESSIVE;
				CLANG_CXX_LANGUAGE_STANDARD = "gnu++14";
				CLANG_CXX_LIBRARY = "libc++";
				CLANG_ENABLE_MODULES = YES;
				CLANG_ENABLE_OBJC_ARC = YES;
				CLANG_ENABLE_OBJC_WEAK = YES;
				CLANG_WARN_BLOCK_CAPTURE_AUTORELEASING = YES;
				CLANG_WARN_BOOL_CONVERSION = YES;
				CLANG_WARN_COMMA = YES;
				CLANG_WARN_CONSTANT_CONVERSION = YES;
				CLANG_WARN_DEPRECATED_OBJC_IMPLEMENTATIONS = YES;
				CLANG_WARN_DIRECT_OBJC_ISA_USAGE = YES_ERROR;
				CLANG_WARN_DOCUMENTATION_COMMENTS = YES;
				CLANG_WARN_EMPTY_BODY = YES;
				CLANG_WARN_ENUM_CONVERSION = YES;
				CLANG_WARN_INFINITE_RECURSION = YES;
				CLANG_WARN_INT_CONVERSION = YES;
				CLANG_WARN_NON_LITERAL_NULL_CONVERSION = YES;
				CLANG_WARN_OBJC_IMPLICIT_RETAIN_SELF = YES;
				CLANG_WARN_OBJC_LITERAL_CONVERSION = YES;
				CLANG_WARN_OBJC_ROOT_CLASS = YES_ERROR;
				CLANG_WARN_RANGE_LOOP_ANALYSIS = YES;
				CLANG_WARN_STRICT_PROTOTYPES = YES;
				CLANG_WARN_SUSPICIOUS_MOVE = YES;
				CLANG_WARN_UNGUARDED_AVAILABILITY = YES_AGGRESSIVE;
				CLANG_WARN_UNREACHABLE_CODE = YES;
				CLANG_WARN__DUPLICATE_METHOD_MATCH = YES;
				CODE_SIGN_IDENTITY = "iPhone Developer";
				COPY_PHASE_STRIP = NO;
				DEBUG_INFORMATION_FORMAT = dwarf;
				ENABLE_STRICT_OBJC_MSGSEND = YES;
				ENABLE_TESTABILITY = YES;
				GCC_C_LANGUAGE_STANDARD = gnu11;
				GCC_DYNAMIC_NO_PIC = NO;
				GCC_NO_COMMON_BLOCKS = YES;
				GCC_OPTIMIZATION_LEVEL = 0;
				GCC_PREPROCESSOR_DEFINITIONS = (
					"DEBUG=1",
					"$(inherited)",
				);
				GCC_WARN_64_TO_32_BIT_CONVERSION = YES;
				GCC_WARN_ABOUT_RETURN_TYPE = YES_ERROR;
				GCC_WARN_UNDECLARED_SELECTOR = YES;
				GCC_WARN_UNINITIALIZED_AUTOS = YES_AGGRESSIVE;
				GCC_WARN_UNUSED_FUNCTION = YES;
				GCC_WARN_UNUSED_VARIABLE = YES;
				IPHONEOS_DEPLOYMENT_TARGET = 11.4;
				MTL_ENABLE_DEBUG_INFO = YES;
				ONLY_ACTIVE_ARCH = YES;
				SDKROOT = iphoneos;
				SWIFT_ACTIVE_COMPILATION_CONDITIONS = DEBUG;
				SWIFT_OPTIMIZATION_LEVEL = "-Onone";
			};
			name = Debug;
		};
		618C3BC620CBA566009E13CB /* Release */ = {
			isa = XCBuildConfiguration;
			buildSettings = {
				ALWAYS_SEARCH_USER_PATHS = NO;
				CLANG_ANALYZER_NONNULL = YES;
				CLANG_ANALYZER_NUMBER_OBJECT_CONVERSION = YES_AGGRESSIVE;
				CLANG_CXX_LANGUAGE_STANDARD = "gnu++14";
				CLANG_CXX_LIBRARY = "libc++";
				CLANG_ENABLE_MODULES = YES;
				CLANG_ENABLE_OBJC_ARC = YES;
				CLANG_ENABLE_OBJC_WEAK = YES;
				CLANG_WARN_BLOCK_CAPTURE_AUTORELEASING = YES;
				CLANG_WARN_BOOL_CONVERSION = YES;
				CLANG_WARN_COMMA = YES;
				CLANG_WARN_CONSTANT_CONVERSION = YES;
				CLANG_WARN_DEPRECATED_OBJC_IMPLEMENTATIONS = YES;
				CLANG_WARN_DIRECT_OBJC_ISA_USAGE = YES_ERROR;
				CLANG_WARN_DOCUMENTATION_COMMENTS = YES;
				CLANG_WARN_EMPTY_BODY = YES;
				CLANG_WARN_ENUM_CONVERSION = YES;
				CLANG_WARN_INFINITE_RECURSION = YES;
				CLANG_WARN_INT_CONVERSION = YES;
				CLANG_WARN_NON_LITERAL_NULL_CONVERSION = YES;
				CLANG_WARN_OBJC_IMPLICIT_RETAIN_SELF = YES;
				CLANG_WARN_OBJC_LITERAL_CONVERSION = YES;
				CLANG_WARN_OBJC_ROOT_CLASS = YES_ERROR;
				CLANG_WARN_RANGE_LOOP_ANALYSIS = YES;
				CLANG_WARN_STRICT_PROTOTYPES = YES;
				CLANG_WARN_SUSPICIOUS_MOVE = YES;
				CLANG_WARN_UNGUARDED_AVAILABILITY = YES_AGGRESSIVE;
				CLANG_WARN_UNREACHABLE_CODE = YES;
				CLANG_WARN__DUPLICATE_METHOD_MATCH = YES;
				CODE_SIGN_IDENTITY = "iPhone Developer";
				COPY_PHASE_STRIP = NO;
				DEBUG_INFORMATION_FORMAT = "dwarf-with-dsym";
				ENABLE_NS_ASSERTIONS = NO;
				ENABLE_STRICT_OBJC_MSGSEND = YES;
				GCC_C_LANGUAGE_STANDARD = gnu11;
				GCC_NO_COMMON_BLOCKS = YES;
				GCC_WARN_64_TO_32_BIT_CONVERSION = YES;
				GCC_WARN_ABOUT_RETURN_TYPE = YES_ERROR;
				GCC_WARN_UNDECLARED_SELECTOR = YES;
				GCC_WARN_UNINITIALIZED_AUTOS = YES_AGGRESSIVE;
				GCC_WARN_UNUSED_FUNCTION = YES;
				GCC_WARN_UNUSED_VARIABLE = YES;
				IPHONEOS_DEPLOYMENT_TARGET = 11.4;
				MTL_ENABLE_DEBUG_INFO = NO;
				SDKROOT = iphoneos;
				SWIFT_COMPILATION_MODE = wholemodule;
				SWIFT_OPTIMIZATION_LEVEL = "-O";
				VALIDATE_PRODUCT = YES;
			};
			name = Release;
		};
		618C3BC820CBA566009E13CB /* Debug */ = {
			isa = XCBuildConfiguration;
			baseConfigurationReference = 585AED389AA8A194B3B5C5D6 /* Pods-MyWallet.debug.xcconfig */;
			buildSettings = {
				ASSETCATALOG_COMPILER_APPICON_NAME = AppIcon;
				CODE_SIGN_ENTITLEMENTS = MyWallet/MyWallet.entitlements;
				CODE_SIGN_STYLE = Automatic;
				DEVELOPMENT_TEAM = 5ZG65746SY;
				INFOPLIST_FILE = MyWallet/Info.plist;
				LD_RUNPATH_SEARCH_PATHS = (
					"$(inherited)",
					"@executable_path/Frameworks",
				);
				PRODUCT_BUNDLE_IDENTIFIER = tdtien.MyWallet;
				PRODUCT_NAME = "$(TARGET_NAME)";
				SWIFT_VERSION = 4.0;
				TARGETED_DEVICE_FAMILY = 1;
			};
			name = Debug;
		};
		618C3BC920CBA566009E13CB /* Release */ = {
			isa = XCBuildConfiguration;
			baseConfigurationReference = 31A679F9E6EA8D3BC7EF3700 /* Pods-MyWallet.release.xcconfig */;
			buildSettings = {
				ASSETCATALOG_COMPILER_APPICON_NAME = AppIcon;
				CODE_SIGN_ENTITLEMENTS = MyWallet/MyWallet.entitlements;
				CODE_SIGN_STYLE = Automatic;
				DEVELOPMENT_TEAM = 5ZG65746SY;
				INFOPLIST_FILE = MyWallet/Info.plist;
				LD_RUNPATH_SEARCH_PATHS = (
					"$(inherited)",
					"@executable_path/Frameworks",
				);
				PRODUCT_BUNDLE_IDENTIFIER = tdtien.MyWallet;
				PRODUCT_NAME = "$(TARGET_NAME)";
				SWIFT_VERSION = 4.0;
				TARGETED_DEVICE_FAMILY = 1;
			};
			name = Release;
		};
/* End XCBuildConfiguration section */

/* Begin XCConfigurationList section */
		618C3BAD20CBA564009E13CB /* Build configuration list for PBXProject "MyWallet" */ = {
			isa = XCConfigurationList;
			buildConfigurations = (
				618C3BC520CBA566009E13CB /* Debug */,
				618C3BC620CBA566009E13CB /* Release */,
			);
			defaultConfigurationIsVisible = 0;
			defaultConfigurationName = Release;
		};
		618C3BC720CBA566009E13CB /* Build configuration list for PBXNativeTarget "MyWallet" */ = {
			isa = XCConfigurationList;
			buildConfigurations = (
				618C3BC820CBA566009E13CB /* Debug */,
				618C3BC920CBA566009E13CB /* Release */,
			);
			defaultConfigurationIsVisible = 0;
			defaultConfigurationName = Release;
		};
/* End XCConfigurationList section */

/* Begin XCVersionGroup section */
		618C3BBC20CBA564009E13CB /* MyWallet.xcdatamodeld */ = {
			isa = XCVersionGroup;
			children = (
				618C3BBD20CBA564009E13CB /* MyWallet.xcdatamodel */,
			);
			currentVersion = 618C3BBD20CBA564009E13CB /* MyWallet.xcdatamodel */;
			path = MyWallet.xcdatamodeld;
			sourceTree = "<group>";
			versionGroupType = wrapper.xcdatamodel;
		};
/* End XCVersionGroup section */
	};
	rootObject = 618C3BAA20CBA564009E13CB /* Project object */;
}
